
Microsoft Visual Studio Solution File, Format Version 12.00
# Visual Studio Version 17
VisualStudioVersion = 17.13.35931.197
MinimumVisualStudioVersion = 10.0.40219.1
Project("{FAE04EC0-301F-11D3-BF4B-00C04F79EFBC}") = "WordWiz.App", "WordWiz.App\WordWiz.App.csproj", "{8B69B2D7-049E-4117-909E-7794F80B6FD0}"
EndProject
Project("{FAE04EC0-301F-11D3-BF4B-00C04F79EFBC}") = "WordWiz.Tests", "WordWiz.Tests\WordWiz.Tests.csproj", "{A19BB943-C5D1-466B-AA6A-59C7806CA3BE}"
EndProject
Project("{FAE04EC0-301F-11D3-BF4B-00C04F79EFBC}") = "WordWiz.Components", "WordWiz.Components\WordWiz.Components.csproj", "{CD3C043F-62C8-45F3-9405-C14C208B0752}"
EndProject
Project("{FAE04EC0-301F-11D3-BF4B-00C04F79EFBC}") = "WordWiz.Parsers", "WordWiz.Parsers\WordWiz.Parsers.csproj", "{23B177F0-E7F0-4470-8D72-4B310F1EF14A}"
EndProject
Project("{2150E333-8FDC-42A3-9474-1A3956D46DE8}") = "Solution Items", "Solution Items", "{02EA681E-C7D8-13C7-8484-4AC65E1B71E8}"
	ProjectSection(SolutionItems) = preProject
		.editorconfig = .editorconfig
	EndProjectSection
EndProject
Project("{FAE04EC0-301F-11D3-BF4B-00C04F79EFBC}") = "WordWiz.Components.Tests", "WordWiz.Components.Tests\WordWiz.Components.Tests.csproj", "{661AA522-DD7B-4772-9820-4D430D48F987}"
EndProject
Global
	GlobalSection(SolutionConfigurationPlatforms) = preSolution
		Debug|Any CPU = Debug|Any CPU
		Release|Any CPU = Release|Any CPU
	EndGlobalSection
	GlobalSection(ProjectConfigurationPlatforms) = postSolution
		{8B69B2D7-049E-4117-909E-7794F80B6FD0}.Debug|Any CPU.ActiveCfg = Debug|Any CPU
		{8B69B2D7-049E-4117-909E-7794F80B6FD0}.Debug|Any CPU.Build.0 = Debug|Any CPU
		{8B69B2D7-049E-4117-909E-7794F80B6FD0}.Release|Any CPU.ActiveCfg = Release|Any CPU
		{8B69B2D7-049E-4117-909E-7794F80B6FD0}.Release|Any CPU.Build.0 = Release|Any CPU
		{A19BB943-C5D1-466B-AA6A-59C7806CA3BE}.Debug|Any CPU.ActiveCfg = Debug|Any CPU
		{A19BB943-C5D1-466B-AA6A-59C7806CA3BE}.Debug|Any CPU.Build.0 = Debug|Any CPU
		{A19BB943-C5D1-466B-AA6A-59C7806CA3BE}.Release|Any CPU.ActiveCfg = Release|Any CPU
		{A19BB943-C5D1-466B-AA6A-59C7806CA3BE}.Release|Any CPU.Build.0 = Release|Any CPU
		{CD3C043F-62C8-45F3-9405-C14C208B0752}.Debug|Any CPU.ActiveCfg = Debug|Any CPU
		{CD3C043F-62C8-45F3-9405-C14C208B0752}.Debug|Any CPU.Build.0 = Debug|Any CPU
		{CD3C043F-62C8-45F3-9405-C14C208B0752}.Release|Any CPU.ActiveCfg = Release|Any CPU
		{CD3C043F-62C8-45F3-9405-C14C208B0752}.Release|Any CPU.Build.0 = Release|Any CPU
		{23B177F0-E7F0-4470-8D72-4B310F1EF14A}.Debug|Any CPU.ActiveCfg = Debug|Any CPU
		{23B177F0-E7F0-4470-8D72-4B310F1EF14A}.Debug|Any CPU.Build.0 = Debug|Any CPU
		{23B177F0-E7F0-4470-8D72-4B310F1EF14A}.Release|Any CPU.ActiveCfg = Release|Any CPU
		{23B177F0-E7F0-4470-8D72-4B310F1EF14A}.Release|Any CPU.Build.0 = Release|Any CPU
		{661AA522-DD7B-4772-9820-4D430D48F987}.Debug|Any CPU.ActiveCfg = Debug|Any CPU
		{661AA522-DD7B-4772-9820-4D430D48F987}.Debug|Any CPU.Build.0 = Debug|Any CPU
		{661AA522-DD7B-4772-9820-4D430D48F987}.Release|Any CPU.ActiveCfg = Release|Any CPU
		{661AA522-DD7B-4772-9820-4D430D48F987}.Release|Any CPU.Build.0 = Release|Any CPU
	EndGlobalSection
	GlobalSection(SolutionProperties) = preSolution
		HideSolutionNode = FALSE
	EndGlobalSection
	GlobalSection(ExtensibilityGlobals) = postSolution
		SolutionGuid = {645993F6-64EF-4662-88BA-F660BAED6559}
	EndGlobalSection
EndGlobal
